
Microsoft Visual Studio Solution File, Format Version 11.00
# Visual Studio 2010
Project("{FAE04EC0-301F-11D3-BF4B-00C04F79EFBC}") = "ChatChannelSample", "ChatChannelSample.csproj", "{93bb4f63-adb5-b622-55e2-0a4d9073e9a1}"
EndProject
Project("{FAE04EC0-301F-11D3-BF4B-00C04F79EFBC}") = "VivoxTests", "VivoxTests.csproj", "{a7410ddf-5c4a-a96e-83e2-b562ed416332}"
EndProject
Project("{FAE04EC0-301F-11D3-BF4B-00C04F79EFBC}") = "Assembly-CSharp", "Assembly-CSharp.csproj", "{75111462-9a69-d955-6ac2-7eaadb6943a8}"
EndProject
Project("{FAE04EC0-301F-11D3-BF4B-00C04F79EFBC}") = "ChatChannelSample.Editor", "ChatChannelSample.Editor.csproj", "{7d2dc49e-c27a-7a62-b6b1-d84b749c4203}"
EndProject
Global
	GlobalSection(SolutionConfigurationPlatforms) = preSolution
		Debug|Any CPU = Debug|Any CPU
		Release|Any CPU = Release|Any CPU
	EndGlobalSection
	GlobalSection(ProjectConfigurationPlatforms) = postSolution
		{93bb4f63-adb5-b622-55e2-0a4d9073e9a1}.Debug|Any CPU.ActiveCfg = Debug|Any CPU
		{93bb4f63-adb5-b622-55e2-0a4d9073e9a1}.Debug|Any CPU.Build.0 = Debug|Any CPU
		{93bb4f63-adb5-b622-55e2-0a4d9073e9a1}.Release|Any CPU.ActiveCfg = Release|Any CPU
		{93bb4f63-adb5-b622-55e2-0a4d9073e9a1}.Release|Any CPU.Build.0 = Release|Any CPU
		{a7410ddf-5c4a-a96e-83e2-b562ed416332}.Debug|Any CPU.ActiveCfg = Debug|Any CPU
		{a7410ddf-5c4a-a96e-83e2-b562ed416332}.Debug|Any CPU.Build.0 = Debug|Any CPU
		{a7410ddf-5c4a-a96e-83e2-b562ed416332}.Release|Any CPU.ActiveCfg = Release|Any CPU
		{a7410ddf-5c4a-a96e-83e2-b562ed416332}.Release|Any CPU.Build.0 = Release|Any CPU
		{75111462-9a69-d955-6ac2-7eaadb6943a8}.Debug|Any CPU.ActiveCfg = Debug|Any CPU
		{75111462-9a69-d955-6ac2-7eaadb6943a8}.Debug|Any CPU.Build.0 = Debug|Any CPU
		{75111462-9a69-d955-6ac2-7eaadb6943a8}.Release|Any CPU.ActiveCfg = Release|Any CPU
		{75111462-9a69-d955-6ac2-7eaadb6943a8}.Release|Any CPU.Build.0 = Release|Any CPU
		{7d2dc49e-c27a-7a62-b6b1-d84b749c4203}.Debug|Any CPU.ActiveCfg = Debug|Any CPU
		{7d2dc49e-c27a-7a62-b6b1-d84b749c4203}.Debug|Any CPU.Build.0 = Debug|Any CPU
		{7d2dc49e-c27a-7a62-b6b1-d84b749c4203}.Release|Any CPU.ActiveCfg = Release|Any CPU
		{7d2dc49e-c27a-7a62-b6b1-d84b749c4203}.Release|Any CPU.Build.0 = Release|Any CPU
	EndGlobalSection
	GlobalSection(SolutionProperties) = preSolution
		HideSolutionNode = FALSE
	EndGlobalSection
EndGlobal
